
Microsoft Visual Studio Solution File, Format Version 12.00
# Visual Studio Version 16
VisualStudioVersion = 16.0.29911.84
MinimumVisualStudioVersion = 10.0.40219.1
Project("{9A19103F-16F7-4668-BE54-9A1E7A4F7556}") = "Blockchain.Core", "Blockchain.Core\Blockchain.Core.csproj", "{DCEEEB9D-3B33-4035-9F1B-EFDB7376AFB3}"
EndProject
Project("{9A19103F-16F7-4668-BE54-9A1E7A4F7556}") = "Blockchain.Tests", "Blockchain.Tests\Blockchain.Tests.csproj", "{FB542140-FBEE-44A2-946B-A74D6159D0AD}"
EndProject
Project("{9A19103F-16F7-4668-BE54-9A1E7A4F7556}") = "Blockchain.TestConsole", "Blockchain.TestConsole\Blockchain.TestConsole.csproj", "{6F6496A2-4FAE-4BE9-8993-1A74C324F856}"
EndProject
Project("{FAE04EC0-301F-11D3-BF4B-00C04F79EFBC}") = "Blockchain.Application", "Blockchain.Application\Blockchain.Application.csproj", "{DF7BE001-CBEF-4DF3-8F9A-F67CC49D39A7}"
EndProject
Global
	GlobalSection(SolutionConfigurationPlatforms) = preSolution
		Debug|Any CPU = Debug|Any CPU
		Release|Any CPU = Release|Any CPU
	EndGlobalSection
	GlobalSection(ProjectConfigurationPlatforms) = postSolution
		{DCEEEB9D-3B33-4035-9F1B-EFDB7376AFB3}.Debug|Any CPU.ActiveCfg = Debug|Any CPU
		{DCEEEB9D-3B33-4035-9F1B-EFDB7376AFB3}.Debug|Any CPU.Build.0 = Debug|Any CPU
		{DCEEEB9D-3B33-4035-9F1B-EFDB7376AFB3}.Release|Any CPU.ActiveCfg = Release|Any CPU
		{DCEEEB9D-3B33-4035-9F1B-EFDB7376AFB3}.Release|Any CPU.Build.0 = Release|Any CPU
		{FB542140-FBEE-44A2-946B-A74D6159D0AD}.Debug|Any CPU.ActiveCfg = Debug|Any CPU
		{FB542140-FBEE-44A2-946B-A74D6159D0AD}.Debug|Any CPU.Build.0 = Debug|Any CPU
		{FB542140-FBEE-44A2-946B-A74D6159D0AD}.Release|Any CPU.ActiveCfg = Release|Any CPU
		{FB542140-FBEE-44A2-946B-A74D6159D0AD}.Release|Any CPU.Build.0 = Release|Any CPU
		{6F6496A2-4FAE-4BE9-8993-1A74C324F856}.Debug|Any CPU.ActiveCfg = Debug|Any CPU
		{6F6496A2-4FAE-4BE9-8993-1A74C324F856}.Debug|Any CPU.Build.0 = Debug|Any CPU
		{6F6496A2-4FAE-4BE9-8993-1A74C324F856}.Release|Any CPU.ActiveCfg = Release|Any CPU
		{6F6496A2-4FAE-4BE9-8993-1A74C324F856}.Release|Any CPU.Build.0 = Release|Any CPU
		{DF7BE001-CBEF-4DF3-8F9A-F67CC49D39A7}.Debug|Any CPU.ActiveCfg = Debug|Any CPU
		{DF7BE001-CBEF-4DF3-8F9A-F67CC49D39A7}.Debug|Any CPU.Build.0 = Debug|Any CPU
		{DF7BE001-CBEF-4DF3-8F9A-F67CC49D39A7}.Release|Any CPU.ActiveCfg = Release|Any CPU
		{DF7BE001-CBEF-4DF3-8F9A-F67CC49D39A7}.Release|Any CPU.Build.0 = Release|Any CPU
	EndGlobalSection
	GlobalSection(SolutionProperties) = preSolution
		HideSolutionNode = FALSE
	EndGlobalSection
	GlobalSection(ExtensibilityGlobals) = postSolution
		SolutionGuid = {8271B563-9C2C-4BF7-B8D0-57BD056AE8E5}
	EndGlobalSection
EndGlobal
